
Microsoft Visual Studio Solution File, Format Version 12.00
# Visual Studio 15
VisualStudioVersion = 15.0.26403.7
MinimumVisualStudioVersion = 10.0.40219.1
Project("{FAE04EC0-301F-11D3-BF4B-00C04F79EFBC}") = "UskudarDenetim.UI", "UskudarDenetim.UI\UskudarDenetim.UI.csproj", "{00D8DDDB-3C91-485D-9B77-2C4E89E41F7B}"
EndProject
Project("{FAE04EC0-301F-11D3-BF4B-00C04F79EFBC}") = "UskudarDenetim.Repository", "UskudarDenetim.Repository\UskudarDenetim.Repository.csproj", "{EC5D7C8C-BB0F-415B-BC6E-F9806632C84C}"
EndProject
Project("{FAE04EC0-301F-11D3-BF4B-00C04F79EFBC}") = "UskudarDenetim.Business", "UskudarDenetim.Business\UskudarDenetim.Business.csproj", "{9644EF8A-61BF-4B6F-ACD8-D5A4729947E5}"
EndProject
Project("{FAE04EC0-301F-11D3-BF4B-00C04F79EFBC}") = "UskudarDenetim.Core", "UskudarDenetim.Core\UskudarDenetim.Core.csproj", "{0E50E19B-DA09-42FD-BF46-2DEF406BDB53}"
EndProject
Project("{FAE04EC0-301F-11D3-BF4B-00C04F79EFBC}") = "UskudarDenetim.Entity", "UskudarDenetim.Entity\UskudarDenetim.Entity.csproj", "{10D5FDC8-F384-4D58-AFE3-09D9B94EF632}"
EndProject
Global
	GlobalSection(SolutionConfigurationPlatforms) = preSolution
		Debug|Any CPU = Debug|Any CPU
		Release|Any CPU = Release|Any CPU
	EndGlobalSection
	GlobalSection(ProjectConfigurationPlatforms) = postSolution
		{00D8DDDB-3C91-485D-9B77-2C4E89E41F7B}.Debug|Any CPU.ActiveCfg = Debug|Any CPU
		{00D8DDDB-3C91-485D-9B77-2C4E89E41F7B}.Debug|Any CPU.Build.0 = Debug|Any CPU
		{00D8DDDB-3C91-485D-9B77-2C4E89E41F7B}.Release|Any CPU.ActiveCfg = Release|Any CPU
		{00D8DDDB-3C91-485D-9B77-2C4E89E41F7B}.Release|Any CPU.Build.0 = Release|Any CPU
		{EC5D7C8C-BB0F-415B-BC6E-F9806632C84C}.Debug|Any CPU.ActiveCfg = Debug|Any CPU
		{EC5D7C8C-BB0F-415B-BC6E-F9806632C84C}.Debug|Any CPU.Build.0 = Debug|Any CPU
		{EC5D7C8C-BB0F-415B-BC6E-F9806632C84C}.Release|Any CPU.ActiveCfg = Release|Any CPU
		{EC5D7C8C-BB0F-415B-BC6E-F9806632C84C}.Release|Any CPU.Build.0 = Release|Any CPU
		{9644EF8A-61BF-4B6F-ACD8-D5A4729947E5}.Debug|Any CPU.ActiveCfg = Debug|Any CPU
		{9644EF8A-61BF-4B6F-ACD8-D5A4729947E5}.Debug|Any CPU.Build.0 = Debug|Any CPU
		{9644EF8A-61BF-4B6F-ACD8-D5A4729947E5}.Release|Any CPU.ActiveCfg = Release|Any CPU
		{9644EF8A-61BF-4B6F-ACD8-D5A4729947E5}.Release|Any CPU.Build.0 = Release|Any CPU
		{0E50E19B-DA09-42FD-BF46-2DEF406BDB53}.Debug|Any CPU.ActiveCfg = Debug|Any CPU
		{0E50E19B-DA09-42FD-BF46-2DEF406BDB53}.Debug|Any CPU.Build.0 = Debug|Any CPU
		{0E50E19B-DA09-42FD-BF46-2DEF406BDB53}.Release|Any CPU.ActiveCfg = Release|Any CPU
		{0E50E19B-DA09-42FD-BF46-2DEF406BDB53}.Release|Any CPU.Build.0 = Release|Any CPU
		{10D5FDC8-F384-4D58-AFE3-09D9B94EF632}.Debug|Any CPU.ActiveCfg = Debug|Any CPU
		{10D5FDC8-F384-4D58-AFE3-09D9B94EF632}.Debug|Any CPU.Build.0 = Debug|Any CPU
		{10D5FDC8-F384-4D58-AFE3-09D9B94EF632}.Release|Any CPU.ActiveCfg = Release|Any CPU
		{10D5FDC8-F384-4D58-AFE3-09D9B94EF632}.Release|Any CPU.Build.0 = Release|Any CPU
	EndGlobalSection
	GlobalSection(SolutionProperties) = preSolution
		HideSolutionNode = FALSE
	EndGlobalSection
	GlobalSection(TeamFoundationVersionControl) = preSolution
		SccNumberOfProjects = 6
		SccEnterpriseProvider = {4CA58AB2-18FA-4F8D-95D4-32DDF27D184C}
		SccTeamFoundationServer = https://amesutsariyer.visualstudio.com/
		SccLocalPath0 = .
		SccProjectUniqueName1 = UskudarDenetim.UI\\UskudarDenetim.UI.csproj
		SccProjectName1 = UskudarDenetim.UI
		SccLocalPath1 = UskudarDenetim.UI
		SccProjectUniqueName2 = UskudarDenetim.Repository\\UskudarDenetim.Repository.csproj
		SccProjectName2 = UskudarDenetim.Repository
		SccLocalPath2 = UskudarDenetim.Repository
		SccProjectUniqueName3 = UskudarDenetim.Business\\UskudarDenetim.Business.csproj
		SccProjectName3 = UskudarDenetim.Business
		SccLocalPath3 = UskudarDenetim.Business
		SccProjectUniqueName4 = UskudarDenetim.Core\\UskudarDenetim.Core.csproj
		SccProjectName4 = UskudarDenetim.Core
		SccLocalPath4 = UskudarDenetim.Core
		SccProjectUniqueName5 = UskudarDenetim.Entity\\UskudarDenetim.Entity.csproj
		SccProjectName5 = UskudarDenetim.Entity
		SccLocalPath5 = UskudarDenetim.Entity
	EndGlobalSection
EndGlobal
